// !$*UTF8*$!
{
	archiveVersion = 1;
	classes = {
	};
	objectVersion = 46;
	objects = {

/* Begin PBXBuildFile section */
		CB519DD11D24F2EF00AF1900 /* AppDelegate.swift in Sources */ = {isa = PBXBuildFile; fileRef = CB519DD01D24F2EF00AF1900 /* AppDelegate.swift */; };
		CB519DD31D24F2EF00AF1900 /* ViewController.swift in Sources */ = {isa = PBXBuildFile; fileRef = CB519DD21D24F2EF00AF1900 /* ViewController.swift */; };
		CB519DD61D24F2EF00AF1900 /* Main.storyboard in Resources */ = {isa = PBXBuildFile; fileRef = CB519DD41D24F2EF00AF1900 /* Main.storyboard */; };
		CB519DD81D24F2EF00AF1900 /* Assets.xcassets in Resources */ = {isa = PBXBuildFile; fileRef = CB519DD71D24F2EF00AF1900 /* Assets.xcassets */; };
		CB519DDB1D24F2EF00AF1900 /* LaunchScreen.storyboard in Resources */ = {isa = PBXBuildFile; fileRef = CB519DD91D24F2EF00AF1900 /* LaunchScreen.storyboard */; };
		CB519DE71D250B9800AF1900 /* test.mp4 in Resources */ = {isa = PBXBuildFile; fileRef = CB519DE61D250B0900AF1900 /* test.mp4 */; };
		CB519DED1D250FCF00AF1900 /* ZYBVideoPlayControlView.swift in Sources */ = {isa = PBXBuildFile; fileRef = CB519DEB1D250FCF00AF1900 /* ZYBVideoPlayControlView.swift */; };
		CB519DEE1D250FCF00AF1900 /* ZYBVideoPlayView.swift in Sources */ = {isa = PBXBuildFile; fileRef = CB519DEC1D250FCF00AF1900 /* ZYBVideoPlayView.swift */; };
		CB519DF71D2510F500AF1900 /* btn_pause.png in Resources */ = {isa = PBXBuildFile; fileRef = CB519DEF1D2510F500AF1900 /* btn_pause.png */; };
		CB519DF81D2510F500AF1900 /* btn_pause@3x.png in Resources */ = {isa = PBXBuildFile; fileRef = CB519DF01D2510F500AF1900 /* btn_pause@3x.png */; };
		CB519DF91D2510F500AF1900 /* btn_play.png in Resources */ = {isa = PBXBuildFile; fileRef = CB519DF11D2510F500AF1900 /* btn_play.png */; };
		CB519DFA1D2510F500AF1900 /* btn_play@3x.png in Resources */ = {isa = PBXBuildFile; fileRef = CB519DF21D2510F500AF1900 /* btn_play@3x.png */; };
		CB519DFB1D2510F500AF1900 /* exit_full_screen.png in Resources */ = {isa = PBXBuildFile; fileRef = CB519DF31D2510F500AF1900 /* exit_full_screen.png */; };
		CB519DFC1D2510F500AF1900 /* exit_full_screen@3x.png in Resources */ = {isa = PBXBuildFile; fileRef = CB519DF41D2510F500AF1900 /* exit_full_screen@3x.png */; };
		CB519DFD1D2510F500AF1900 /* full_screen.png in Resources */ = {isa = PBXBuildFile; fileRef = CB519DF51D2510F500AF1900 /* full_screen.png */; };
		CB519DFE1D2510F500AF1900 /* full_screen@3x.png in Resources */ = {isa = PBXBuildFile; fileRef = CB519DF61D2510F500AF1900 /* full_screen@3x.png */; };
/* End PBXBuildFile section */

/* Begin PBXFileReference section */
		CB519DCD1D24F2EF00AF1900 /* ZYBVideoPlayViewExample.app */ = {isa = PBXFileReference; explicitFileType = wrapper.application; includeInIndex = 0; path = ZYBVideoPlayViewExample.app; sourceTree = BUILT_PRODUCTS_DIR; };
		CB519DD01D24F2EF00AF1900 /* AppDelegate.swift */ = {isa = PBXFileReference; lastKnownFileType = sourcecode.swift; path = AppDelegate.swift; sourceTree = "<group>"; };
		CB519DD21D24F2EF00AF1900 /* ViewController.swift */ = {isa = PBXFileReference; lastKnownFileType = sourcecode.swift; path = ViewController.swift; sourceTree = "<group>"; };
		CB519DD51D24F2EF00AF1900 /* Base */ = {isa = PBXFileReference; lastKnownFileType = file.storyboard; name = Base; path = Base.lproj/Main.storyboard; sourceTree = "<group>"; };
		CB519DD71D24F2EF00AF1900 /* Assets.xcassets */ = {isa = PBXFileReference; lastKnownFileType = folder.assetcatalog; path = Assets.xcassets; sourceTree = "<group>"; };
		CB519DDA1D24F2EF00AF1900 /* Base */ = {isa = PBXFileReference; lastKnownFileType = file.storyboard; name = Base; path = Base.lproj/LaunchScreen.storyboard; sourceTree = "<group>"; };
		CB519DDC1D24F2EF00AF1900 /* Info.plist */ = {isa = PBXFileReference; lastKnownFileType = text.plist.xml; path = Info.plist; sourceTree = "<group>"; };
		CB519DE61D250B0900AF1900 /* test.mp4 */ = {isa = PBXFileReference; lastKnownFileType = file; path = test.mp4; sourceTree = "<group>"; };
		CB519DEB1D250FCF00AF1900 /* ZYBVideoPlayControlView.swift */ = {isa = PBXFileReference; fileEncoding = 4; lastKnownFileType = sourcecode.swift; path = ZYBVideoPlayControlView.swift; sourceTree = "<group>"; };
		CB519DEC1D250FCF00AF1900 /* ZYBVideoPlayView.swift */ = {isa = PBXFileReference; fileEncoding = 4; lastKnownFileType = sourcecode.swift; path = ZYBVideoPlayView.swift; sourceTree = "<group>"; };
		CB519DEF1D2510F500AF1900 /* btn_pause.png */ = {isa = PBXFileReference; lastKnownFileType = image.png; path = btn_pause.png; sourceTree = "<group>"; };
		CB519DF01D2510F500AF1900 /* btn_pause@3x.png */ = {isa = PBXFileReference; lastKnownFileType = image.png; path = "btn_pause@3x.png"; sourceTree = "<group>"; };
		CB519DF11D2510F500AF1900 /* btn_play.png */ = {isa = PBXFileReference; lastKnownFileType = image.png; path = btn_play.png; sourceTree = "<group>"; };
		CB519DF21D2510F500AF1900 /* btn_play@3x.png */ = {isa = PBXFileReference; lastKnownFileType = image.png; path = "btn_play@3x.png"; sourceTree = "<group>"; };
		CB519DF31D2510F500AF1900 /* exit_full_screen.png */ = {isa = PBXFileReference; lastKnownFileType = image.png; path = exit_full_screen.png; sourceTree = "<group>"; };
		CB519DF41D2510F500AF1900 /* exit_full_screen@3x.png */ = {isa = PBXFileReference; lastKnownFileType = image.png; path = "exit_full_screen@3x.png"; sourceTree = "<group>"; };
		CB519DF51D2510F500AF1900 /* full_screen.png */ = {isa = PBXFileReference; lastKnownFileType = image.png; path = full_screen.png; sourceTree = "<group>"; };
		CB519DF61D2510F500AF1900 /* full_screen@3x.png */ = {isa = PBXFileReference; lastKnownFileType = image.png; path = "full_screen@3x.png"; sourceTree = "<group>"; };
/* End PBXFileReference section */

/* Begin PBXFrameworksBuildPhase section */
		CB519DCA1D24F2EF00AF1900 /* Frameworks */ = {
			isa = PBXFrameworksBuildPhase;
			buildActionMask = 2147483647;
			files = (
			);
			runOnlyForDeploymentPostprocessing = 0;
		};
/* End PBXFrameworksBuildPhase section */

/* Begin PBXGroup section */
		CB519DC41D24F2EF00AF1900 = {
			isa = PBXGroup;
			children = (
				CB519DCF1D24F2EF00AF1900 /* ZYBVideoPlayViewExample */,
				CB519DCE1D24F2EF00AF1900 /* Products */,
			);
			sourceTree = "<group>";
		};
		CB519DCE1D24F2EF00AF1900 /* Products */ = {
			isa = PBXGroup;
			children = (
				CB519DCD1D24F2EF00AF1900 /* ZYBVideoPlayViewExample.app */,
			);
			name = Products;
			sourceTree = "<group>";
		};
		CB519DCF1D24F2EF00AF1900 /* ZYBVideoPlayViewExample */ = {
			isa = PBXGroup;
			children = (
				CB519DE91D250FCF00AF1900 /* ZYBVideoPlayView */,
				CB519DE61D250B0900AF1900 /* test.mp4 */,
				CB519DD01D24F2EF00AF1900 /* AppDelegate.swift */,
				CB519DD21D24F2EF00AF1900 /* ViewController.swift */,
				CB519DD41D24F2EF00AF1900 /* Main.storyboard */,
				CB519DD71D24F2EF00AF1900 /* Assets.xcassets */,
				CB519DD91D24F2EF00AF1900 /* LaunchScreen.storyboard */,
				CB519DDC1D24F2EF00AF1900 /* Info.plist */,
			);
			path = ZYBVideoPlayViewExample;
			sourceTree = "<group>";
		};
		CB519DE91D250FCF00AF1900 /* ZYBVideoPlayView */ = {
			isa = PBXGroup;
			children = (
				CB519DEA1D250FCF00AF1900 /* videoPlayImages */,
				CB519DEB1D250FCF00AF1900 /* ZYBVideoPlayControlView.swift */,
				CB519DEC1D250FCF00AF1900 /* ZYBVideoPlayView.swift */,
			);
			path = ZYBVideoPlayView;
			sourceTree = "<group>";
		};
		CB519DEA1D250FCF00AF1900 /* videoPlayImages */ = {
			isa = PBXGroup;
			children = (
				CB519DEF1D2510F500AF1900 /* btn_pause.png */,
				CB519DF01D2510F500AF1900 /* btn_pause@3x.png */,
				CB519DF11D2510F500AF1900 /* btn_play.png */,
				CB519DF21D2510F500AF1900 /* btn_play@3x.png */,
				CB519DF31D2510F500AF1900 /* exit_full_screen.png */,
				CB519DF41D2510F500AF1900 /* exit_full_screen@3x.png */,
				CB519DF51D2510F500AF1900 /* full_screen.png */,
				CB519DF61D2510F500AF1900 /* full_screen@3x.png */,
			);
			path = videoPlayImages;
			sourceTree = "<group>";
		};
/* End PBXGroup section */

/* Begin PBXNativeTarget section */
		CB519DCC1D24F2EF00AF1900 /* ZYBVideoPlayViewExample */ = {
			isa = PBXNativeTarget;
			buildConfigurationList = CB519DDF1D24F2EF00AF1900 /* Build configuration list for PBXNativeTarget "ZYBVideoPlayViewExample" */;
			buildPhases = (
				CB519DC91D24F2EF00AF1900 /* Sources */,
				CB519DCA1D24F2EF00AF1900 /* Frameworks */,
				CB519DCB1D24F2EF00AF1900 /* Resources */,
			);
			buildRules = (
			);
			dependencies = (
			);
			name = ZYBVideoPlayViewExample;
			productName = ZYBVideoPlayViewExample;
			productReference = CB519DCD1D24F2EF00AF1900 /* ZYBVideoPlayViewExample.app */;
			productType = "com.apple.product-type.application";
		};
/* End PBXNativeTarget section */

/* Begin PBXProject section */
		CB519DC51D24F2EF00AF1900 /* Project object */ = {
			isa = PBXProject;
			attributes = {
				LastSwiftUpdateCheck = 0730;
				LastUpgradeCheck = 0730;
				ORGANIZATIONNAME = ZYB;
				TargetAttributes = {
					CB519DCC1D24F2EF00AF1900 = {
						CreatedOnToolsVersion = 7.3.1;
					};
				};
			};
			buildConfigurationList = CB519DC81D24F2EF00AF1900 /* Build configuration list for PBXProject "ZYBVideoPlayViewExample" */;
			compatibilityVersion = "Xcode 3.2";
			developmentRegion = English;
			hasScannedForEncodings = 0;
			knownRegions = (
				en,
				Base,
			);
			mainGroup = CB519DC41D24F2EF00AF1900;
			productRefGroup = CB519DCE1D24F2EF00AF1900 /* Products */;
			projectDirPath = "";
			projectRoot = "";
			targets = (
				CB519DCC1D24F2EF00AF1900 /* ZYBVideoPlayViewExample */,
			);
		};
/* End PBXProject section */

/* Begin PBXResourcesBuildPhase section */
		CB519DCB1D24F2EF00AF1900 /* Resources */ = {
			isa = PBXResourcesBuildPhase;
			buildActionMask = 2147483647;
			files = (
				CB519DDB1D24F2EF00AF1900 /* LaunchScreen.storyboard in Resources */,
				CB519DD81D24F2EF00AF1900 /* Assets.xcassets in Resources */,
				CB519DFE1D2510F500AF1900 /* full_screen@3x.png in Resources */,
				CB519DFB1D2510F500AF1900 /* exit_full_screen.png in Resources */,
				CB519DD61D24F2EF00AF1900 /* Main.storyboard in Resources */,
				CB519DF81D2510F500AF1900 /* btn_pause@3x.png in Resources */,
				CB519DFD1D2510F500AF1900 /* full_screen.png in Resources */,
				CB519DF91D2510F500AF1900 /* btn_play.png in Resources */,
				CB519DE71D250B9800AF1900 /* test.mp4 in Resources */,
				CB519DFA1D2510F500AF1900 /* btn_play@3x.png in Resources */,
				CB519DFC1D2510F500AF1900 /* exit_full_screen@3x.png in Resources */,
				CB519DF71D2510F500AF1900 /* btn_pause.png in Resources */,
			);
			runOnlyForDeploymentPostprocessing = 0;
		};
/* End PBXResourcesBuildPhase section */

/* Begin PBXSourcesBuildPhase section */
		CB519DC91D24F2EF00AF1900 /* Sources */ = {
			isa = PBXSourcesBuildPhase;
			buildActionMask = 2147483647;
			files = (
				CB519DED1D250FCF00AF1900 /* ZYBVideoPlayControlView.swift in Sources */,
				CB519DD31D24F2EF00AF1900 /* ViewController.swift in Sources */,
				CB519DEE1D250FCF00AF1900 /* ZYBVideoPlayView.swift in Sources */,
				CB519DD11D24F2EF00AF1900 /* AppDelegate.swift in Sources */,
			);
			runOnlyForDeploymentPostprocessing = 0;
		};
/* End PBXSourcesBuildPhase section */

/* Begin PBXVariantGroup section */
		CB519DD41D24F2EF00AF1900 /* Main.storyboard */ = {
			isa = PBXVariantGroup;
			children = (
				CB519DD51D24F2EF00AF1900 /* Base */,
			);
			name = Main.storyboard;
			sourceTree = "<group>";
		};
		CB519DD91D24F2EF00AF1900 /* LaunchScreen.storyboard */ = {
			isa = PBXVariantGroup;
			children = (
				CB519DDA1D24F2EF00AF1900 /* Base */,
			);
			name = LaunchScreen.storyboard;
			sourceTree = "<group>";
		};
/* End PBXVariantGroup section */

/* Begin XCBuildConfiguration section */
		CB519DDD1D24F2EF00AF1900 /* Debug */ = {
			isa = XCBuildConfiguration;
			buildSettings = {
				ALWAYS_SEARCH_USER_PATHS = NO;
				CLANG_ANALYZER_NONNULL = YES;
				CLANG_CXX_LANGUAGE_STANDARD = "gnu++0x";
				CLANG_CXX_LIBRARY = "libc++";
				CLANG_ENABLE_MODULES = YES;
				CLANG_ENABLE_OBJC_ARC = YES;
				CLANG_WARN_BOOL_CONVERSION = YES;
				CLANG_WARN_CONSTANT_CONVERSION = YES;
				CLANG_WARN_DIRECT_OBJC_ISA_USAGE = YES_ERROR;
				CLANG_WARN_EMPTY_BODY = YES;
				CLANG_WARN_ENUM_CONVERSION = YES;
				CLANG_WARN_INT_CONVERSION = YES;
				CLANG_WARN_OBJC_ROOT_CLASS = YES_ERROR;
				CLANG_WARN_UNREACHABLE_CODE = YES;
				CLANG_WARN__DUPLICATE_METHOD_MATCH = YES;
				"CODE_SIGN_IDENTITY[sdk=iphoneos*]" = "iPhone Developer";
				COPY_PHASE_STRIP = NO;
				DEBUG_INFORMATION_FORMAT = dwarf;
				ENABLE_STRICT_OBJC_MSGSEND = YES;
				ENABLE_TESTABILITY = YES;
				GCC_C_LANGUAGE_STANDARD = gnu99;
				GCC_DYNAMIC_NO_PIC = NO;
				GCC_NO_COMMON_BLOCKS = YES;
				GCC_OPTIMIZATION_LEVEL = 0;
				GCC_PREPROCESSOR_DEFINITIONS = (
					"DEBUG=1",
					"$(inherited)",
				);
				GCC_WARN_64_TO_32_BIT_CONVERSION = YES;
				GCC_WARN_ABOUT_RETURN_TYPE = YES_ERROR;
				GCC_WARN_UNDECLARED_SELECTOR = YES;
				GCC_WARN_UNINITIALIZED_AUTOS = YES_AGGRESSIVE;
				GCC_WARN_UNUSED_FUNCTION = YES;
				GCC_WARN_UNUSED_VARIABLE = YES;
				IPHONEOS_DEPLOYMENT_TARGET = 9.3;
				MTL_ENABLE_DEBUG_INFO = YES;
				ONLY_ACTIVE_ARCH = YES;
				SDKROOT = iphoneos;
				SWIFT_OPTIMIZATION_LEVEL = "-Onone";
				TARGETED_DEVICE_FAMILY = "1,2";
			};
			name = Debug;
		};
		CB519DDE1D24F2EF00AF1900 /* Release */ = {
			isa = XCBuildConfiguration;
			buildSettings = {
				ALWAYS_SEARCH_USER_PATHS = NO;
				CLANG_ANALYZER_NONNULL = YES;
				CLANG_CXX_LANGUAGE_STANDARD = "gnu++0x";
				CLANG_CXX_LIBRARY = "libc++";
				CLANG_ENABLE_MODULES = YES;
				CLANG_ENABLE_OBJC_ARC = YES;
				CLANG_WARN_BOOL_CONVERSION = YES;
				CLANG_WARN_CONSTANT_CONVERSION = YES;
				CLANG_WARN_DIRECT_OBJC_ISA_USAGE = YES_ERROR;
				CLANG_WARN_EMPTY_BODY = YES;
				CLANG_WARN_ENUM_CONVERSION = YES;
				CLANG_WARN_INT_CONVERSION = YES;
				CLANG_WARN_OBJC_ROOT_CLASS = YES_ERROR;
				CLANG_WARN_UNREACHABLE_CODE = YES;
				CLANG_WARN__DUPLICATE_METHOD_MATCH = YES;
				"CODE_SIGN_IDENTITY[sdk=iphoneos*]" = "iPhone Developer";
				COPY_PHASE_STRIP = NO;
				DEBUG_INFORMATION_FORMAT = "dwarf-with-dsym";
				ENABLE_NS_ASSERTIONS = NO;
				ENABLE_STRICT_OBJC_MSGSEND = YES;
				GCC_C_LANGUAGE_STANDARD = gnu99;
				GCC_NO_COMMON_BLOCKS = YES;
				GCC_WARN_64_TO_32_BIT_CONVERSION = YES;
				GCC_WARN_ABOUT_RETURN_TYPE = YES_ERROR;
				GCC_WARN_UNDECLARED_SELECTOR = YES;
				GCC_WARN_UNINITIALIZED_AUTOS = YES_AGGRESSIVE;
				GCC_WARN_UNUSED_FUNCTION = YES;
				GCC_WARN_UNUSED_VARIABLE = YES;
				IPHONEOS_DEPLOYMENT_TARGET = 9.3;
				MTL_ENABLE_DEBUG_INFO = NO;
				SDKROOT = iphoneos;
				TARGETED_DEVICE_FAMILY = "1,2";
				VALIDATE_PRODUCT = YES;
			};
			name = Release;
		};
		CB519DE01D24F2EF00AF1900 /* Debug */ = {
			isa = XCBuildConfiguration;
			buildSettings = {
				ASSETCATALOG_COMPILER_APPICON_NAME = AppIcon;
				INFOPLIST_FILE = ZYBVideoPlayViewExample/Info.plist;
				LD_RUNPATH_SEARCH_PATHS = "$(inherited) @executable_path/Frameworks";
				PRODUCT_BUNDLE_IDENTIFIER = ZYB.ZYBVideoPlayViewExample;
				PRODUCT_NAME = "$(TARGET_NAME)";
			};
			name = Debug;
		};
		CB519DE11D24F2EF00AF1900 /* Release */ = {
			isa = XCBuildConfiguration;
			buildSettings = {
				ASSETCATALOG_COMPILER_APPICON_NAME = AppIcon;
				INFOPLIST_FILE = ZYBVideoPlayViewExample/Info.plist;
				LD_RUNPATH_SEARCH_PATHS = "$(inherited) @executable_path/Frameworks";
				PRODUCT_BUNDLE_IDENTIFIER = ZYB.ZYBVideoPlayViewExample;
				PRODUCT_NAME = "$(TARGET_NAME)";
			};
			name = Release;
		};
/* End XCBuildConfiguration section */

/* Begin XCConfigurationList section */
		CB519DC81D24F2EF00AF1900 /* Build configuration list for PBXProject "ZYBVideoPlayViewExample" */ = {
			isa = XCConfigurationList;
			buildConfigurations = (
				CB519DDD1D24F2EF00AF1900 /* Debug */,
				CB519DDE1D24F2EF00AF1900 /* Release */,
			);
			defaultConfigurationIsVisible = 0;
			defaultConfigurationName = Release;
		};
		CB519DDF1D24F2EF00AF1900 /* Build configuration list for PBXNativeTarget "ZYBVideoPlayViewExample" */ = {
			isa = XCConfigurationList;
			buildConfigurations = (
				CB519DE01D24F2EF00AF1900 /* Debug */,
				CB519DE11D24F2EF00AF1900 /* Release */,
			);
			defaultConfigurationIsVisible = 0;
		};
/* End XCConfigurationList section */
	};
	rootObject = CB519DC51D24F2EF00AF1900 /* Project object */;
}
